
Microsoft Visual Studio Solution File, Format Version 12.00
# Visual Studio Version 17
VisualStudioVersion = 17.11.35222.181
MinimumVisualStudioVersion = 10.0.40219.1
Project("{9A19103F-16F7-4668-BE54-9A1E7A4F7556}") = "GrudgeBookMvc", "GrudgeBookMvc.csproj", "{A566F51C-11CE-457E-9339-B77848B478BA}"
EndProject
Global
	GlobalSection(SolutionConfigurationPlatforms) = preSolution
		Debug|Any CPU = Debug|Any CPU
		Release|Any CPU = Release|Any CPU
	EndGlobalSection
	GlobalSection(ProjectConfigurationPlatforms) = postSolution
		{A566F51C-11CE-457E-9339-B77848B478BA}.Debug|Any CPU.ActiveCfg = Debug|Any CPU
		{A566F51C-11CE-457E-9339-B77848B478BA}.Debug|Any CPU.Build.0 = Debug|Any CPU
		{A566F51C-11CE-457E-9339-B77848B478BA}.Release|Any CPU.ActiveCfg = Release|Any CPU
		{A566F51C-11CE-457E-9339-B77848B478BA}.Release|Any CPU.Build.0 = Release|Any CPU
	EndGlobalSection
	GlobalSection(SolutionProperties) = preSolution
		HideSolutionNode = FALSE
	EndGlobalSection
	GlobalSection(ExtensibilityGlobals) = postSolution
		SolutionGuid = {6630035F-4D57-46B3-A77C-AD258483B11E}
	EndGlobalSection
EndGlobal
